
Microsoft Visual Studio Solution File, Format Version 12.00
# Visual Studio Version 16
VisualStudioVersion = 16.0.32413.511
MinimumVisualStudioVersion = 10.0.40219.1
Project("{FAE04EC0-301F-11D3-BF4B-00C04F79EFBC}") = "Lifebelt", "Lifebelt\Lifebelt.csproj", "{E7597F48-98F6-4BC0-940E-9A8A3B706B68}"
EndProject
Global
	GlobalSection(SolutionConfigurationPlatforms) = preSolution
		Release|Any CPU = Release|Any CPU
	EndGlobalSection
	GlobalSection(ProjectConfigurationPlatforms) = postSolution
		{E7597F48-98F6-4BC0-940E-9A8A3B706B68}.Release|Any CPU.ActiveCfg = Release|Any CPU
		{E7597F48-98F6-4BC0-940E-9A8A3B706B68}.Release|Any CPU.Build.0 = Release|Any CPU
	EndGlobalSection
	GlobalSection(SolutionProperties) = preSolution
		HideSolutionNode = FALSE
	EndGlobalSection
	GlobalSection(ExtensibilityGlobals) = postSolution
		SolutionGuid = {68D81E87-FCE6-4FD9-9424-00F75F7E93D7}
	EndGlobalSection
EndGlobal
